{
  "name": "row_count",
  "version": "1.0.0",
  "lockfileVersion": 1,
  "requires": true,
  "dependencies": {
    "elementtree": {
      "version": "0.1.6",
      "resolved": "https://registry.npm.taobao.org/elementtree/download/elementtree-0.1.6.tgz",
      "integrity": "sha1-KsTEbqMFFsjEy9teOsdBjlkt4gw=",
      "requires": {
        "sax": "0.3.5"
      }
    },
    "jszip": {
      "version": "2.6.1",
      "resolved": "https://registry.npm.taobao.org/jszip/download/jszip-2.6.1.tgz",
      "integrity": "sha1-uI86ey5noqBIFSmCx6N1bZxIKPA=",
      "requires": {
        "pako": "~1.0.2"
      }
    },
    "pako": {
      "version": "1.0.10",
      "resolved": "https://registry.npm.taobao.org/pako/download/pako-1.0.10.tgz",
      "integrity": "sha1-Qyi621CGpCaqkPVBl31JVdpclzI="
    },
    "sax": {
      "version": "0.3.5",
      "resolved": "https://registry.npm.taobao.org/sax/download/sax-0.3.5.tgz",
      "integrity": "sha1-iPz8H3PAyLvVt8d2ttPzUB7tBz0="
    },
    "xlsx-template": {
      "version": "0.5.0",
      "resolved": "https://registry.npm.taobao.org/xlsx-template/download/xlsx-template-0.5.0.tgz",
      "integrity": "sha1-SKJA2VRFjJg6G1wupRi2ezKKb98=",
      "requires": {
        "elementtree": "0.1.6",
        "jszip": "^2.6.1"
      }
    }
  }
}
